
Microsoft Visual Studio Solution File, Format Version 12.00
# Visual Studio 2012
Project("{FAE04EC0-301F-11D3-BF4B-00C04F79EFBC}") = "TheSchool", "TheSchool\TheSchool.csproj", "{66A71AFA-366A-4A1D-9B6A-3DFA85454238}"
EndProject
Project("{FAE04EC0-301F-11D3-BF4B-00C04F79EFBC}") = "Animals", "Animals\Animals.csproj", "{40D448AA-6CBB-4D55-9457-EFCFFB9C0F9F}"
EndProject
Global
	GlobalSection(TeamFoundationVersionControl) = preSolution
		SccNumberOfProjects = 3
		SccEnterpriseProvider = {4CA58AB2-18FA-4F8D-95D4-32DDF27D184C}
		SccTeamFoundationServer = https://tfs.codeplex.com/tfs/tfs11
		SccLocalPath0 = .
		SccProjectUniqueName1 = Animals\\Animals.csproj
		SccProjectName1 = Animals
		SccLocalPath1 = Animals
		SccProjectUniqueName2 = TheSchool\\TheSchool.csproj
		SccProjectName2 = TheSchool
		SccLocalPath2 = TheSchool
	EndGlobalSection
	GlobalSection(SolutionConfigurationPlatforms) = preSolution
		Debug|Any CPU = Debug|Any CPU
		Release|Any CPU = Release|Any CPU
	EndGlobalSection
	GlobalSection(ProjectConfigurationPlatforms) = postSolution
		{66A71AFA-366A-4A1D-9B6A-3DFA85454238}.Debug|Any CPU.ActiveCfg = Debug|Any CPU
		{66A71AFA-366A-4A1D-9B6A-3DFA85454238}.Debug|Any CPU.Build.0 = Debug|Any CPU
		{66A71AFA-366A-4A1D-9B6A-3DFA85454238}.Release|Any CPU.ActiveCfg = Release|Any CPU
		{66A71AFA-366A-4A1D-9B6A-3DFA85454238}.Release|Any CPU.Build.0 = Release|Any CPU
		{40D448AA-6CBB-4D55-9457-EFCFFB9C0F9F}.Debug|Any CPU.ActiveCfg = Debug|Any CPU
		{40D448AA-6CBB-4D55-9457-EFCFFB9C0F9F}.Debug|Any CPU.Build.0 = Debug|Any CPU
		{40D448AA-6CBB-4D55-9457-EFCFFB9C0F9F}.Release|Any CPU.ActiveCfg = Release|Any CPU
		{40D448AA-6CBB-4D55-9457-EFCFFB9C0F9F}.Release|Any CPU.Build.0 = Release|Any CPU
	EndGlobalSection
	GlobalSection(SolutionProperties) = preSolution
		HideSolutionNode = FALSE
	EndGlobalSection
EndGlobal
