
Microsoft Visual Studio Solution File, Format Version 12.00
# Visual Studio 2012
Project("{FAE04EC0-301F-11D3-BF4B-00C04F79EFBC}") = "1)DecToBin", "NumericalSystems\1)DecToBin.csproj", "{BCDE843F-C314-459C-9CD6-D8E6B8BC039A}"
EndProject
Project("{FAE04EC0-301F-11D3-BF4B-00C04F79EFBC}") = "2)BinToDec", "BinToDec\2)BinToDec.csproj", "{F745CDF9-BF16-4B83-BE0D-262B3B8531FD}"
EndProject
Project("{FAE04EC0-301F-11D3-BF4B-00C04F79EFBC}") = "3)TenBaseToHex", "TenBaseToHex\3)TenBaseToHex.csproj", "{62F606F7-FE58-4229-A145-0A0C272708B1}"
EndProject
Project("{FAE04EC0-301F-11D3-BF4B-00C04F79EFBC}") = "4)HexToDec", "HexToDec\4)HexToDec.csproj", "{4162C87F-8851-4587-9CE2-8FD50EB848D2}"
EndProject
Project("{FAE04EC0-301F-11D3-BF4B-00C04F79EFBC}") = "5)HexToBin", "HexToBin\5)HexToBin.csproj", "{615C00B3-D368-4BB0-9E85-72441F8108D0}"
EndProject
Project("{FAE04EC0-301F-11D3-BF4B-00C04F79EFBC}") = "6)BinToHex", "BinToHex\6)BinToHex.csproj", "{ECAB0CD5-9020-489B-949B-6072D803A6F4}"
EndProject
Project("{FAE04EC0-301F-11D3-BF4B-00C04F79EFBC}") = "7)CovertFromAnyNumeral", "CovertFromAnyNumeral\7)CovertFromAnyNumeral.csproj", "{C4E7D874-3E44-4AA1-AD49-C6724325FDFE}"
EndProject
Project("{FAE04EC0-301F-11D3-BF4B-00C04F79EFBC}") = "8)BinarOf16BitSigned", "BinarOf16BitSigned\8)BinarOf16BitSigned.csproj", "{F4EB8FAE-E123-4DEC-95C9-8597A7040C99}"
EndProject
Global
	GlobalSection(SolutionConfigurationPlatforms) = preSolution
		Debug|Any CPU = Debug|Any CPU
		Debug|Mixed Platforms = Debug|Mixed Platforms
		Debug|x86 = Debug|x86
		Release|Any CPU = Release|Any CPU
		Release|Mixed Platforms = Release|Mixed Platforms
		Release|x86 = Release|x86
	EndGlobalSection
	GlobalSection(ProjectConfigurationPlatforms) = postSolution
		{BCDE843F-C314-459C-9CD6-D8E6B8BC039A}.Debug|Any CPU.ActiveCfg = Debug|x86
		{BCDE843F-C314-459C-9CD6-D8E6B8BC039A}.Debug|Mixed Platforms.ActiveCfg = Debug|x86
		{BCDE843F-C314-459C-9CD6-D8E6B8BC039A}.Debug|Mixed Platforms.Build.0 = Debug|x86
		{BCDE843F-C314-459C-9CD6-D8E6B8BC039A}.Debug|x86.ActiveCfg = Debug|x86
		{BCDE843F-C314-459C-9CD6-D8E6B8BC039A}.Debug|x86.Build.0 = Debug|x86
		{BCDE843F-C314-459C-9CD6-D8E6B8BC039A}.Release|Any CPU.ActiveCfg = Release|x86
		{BCDE843F-C314-459C-9CD6-D8E6B8BC039A}.Release|Mixed Platforms.ActiveCfg = Release|x86
		{BCDE843F-C314-459C-9CD6-D8E6B8BC039A}.Release|Mixed Platforms.Build.0 = Release|x86
		{BCDE843F-C314-459C-9CD6-D8E6B8BC039A}.Release|x86.ActiveCfg = Release|x86
		{BCDE843F-C314-459C-9CD6-D8E6B8BC039A}.Release|x86.Build.0 = Release|x86
		{F745CDF9-BF16-4B83-BE0D-262B3B8531FD}.Debug|Any CPU.ActiveCfg = Debug|Any CPU
		{F745CDF9-BF16-4B83-BE0D-262B3B8531FD}.Debug|Any CPU.Build.0 = Debug|Any CPU
		{F745CDF9-BF16-4B83-BE0D-262B3B8531FD}.Debug|Mixed Platforms.ActiveCfg = Debug|Any CPU
		{F745CDF9-BF16-4B83-BE0D-262B3B8531FD}.Debug|Mixed Platforms.Build.0 = Debug|Any CPU
		{F745CDF9-BF16-4B83-BE0D-262B3B8531FD}.Debug|x86.ActiveCfg = Debug|Any CPU
		{F745CDF9-BF16-4B83-BE0D-262B3B8531FD}.Release|Any CPU.ActiveCfg = Release|Any CPU
		{F745CDF9-BF16-4B83-BE0D-262B3B8531FD}.Release|Any CPU.Build.0 = Release|Any CPU
		{F745CDF9-BF16-4B83-BE0D-262B3B8531FD}.Release|Mixed Platforms.ActiveCfg = Release|Any CPU
		{F745CDF9-BF16-4B83-BE0D-262B3B8531FD}.Release|Mixed Platforms.Build.0 = Release|Any CPU
		{F745CDF9-BF16-4B83-BE0D-262B3B8531FD}.Release|x86.ActiveCfg = Release|Any CPU
		{62F606F7-FE58-4229-A145-0A0C272708B1}.Debug|Any CPU.ActiveCfg = Debug|Any CPU
		{62F606F7-FE58-4229-A145-0A0C272708B1}.Debug|Any CPU.Build.0 = Debug|Any CPU
		{62F606F7-FE58-4229-A145-0A0C272708B1}.Debug|Mixed Platforms.ActiveCfg = Debug|Any CPU
		{62F606F7-FE58-4229-A145-0A0C272708B1}.Debug|Mixed Platforms.Build.0 = Debug|Any CPU
		{62F606F7-FE58-4229-A145-0A0C272708B1}.Debug|x86.ActiveCfg = Debug|Any CPU
		{62F606F7-FE58-4229-A145-0A0C272708B1}.Release|Any CPU.ActiveCfg = Release|Any CPU
		{62F606F7-FE58-4229-A145-0A0C272708B1}.Release|Any CPU.Build.0 = Release|Any CPU
		{62F606F7-FE58-4229-A145-0A0C272708B1}.Release|Mixed Platforms.ActiveCfg = Release|Any CPU
		{62F606F7-FE58-4229-A145-0A0C272708B1}.Release|Mixed Platforms.Build.0 = Release|Any CPU
		{62F606F7-FE58-4229-A145-0A0C272708B1}.Release|x86.ActiveCfg = Release|Any CPU
		{4162C87F-8851-4587-9CE2-8FD50EB848D2}.Debug|Any CPU.ActiveCfg = Debug|Any CPU
		{4162C87F-8851-4587-9CE2-8FD50EB848D2}.Debug|Any CPU.Build.0 = Debug|Any CPU
		{4162C87F-8851-4587-9CE2-8FD50EB848D2}.Debug|Mixed Platforms.ActiveCfg = Debug|Any CPU
		{4162C87F-8851-4587-9CE2-8FD50EB848D2}.Debug|Mixed Platforms.Build.0 = Debug|Any CPU
		{4162C87F-8851-4587-9CE2-8FD50EB848D2}.Debug|x86.ActiveCfg = Debug|Any CPU
		{4162C87F-8851-4587-9CE2-8FD50EB848D2}.Release|Any CPU.ActiveCfg = Release|Any CPU
		{4162C87F-8851-4587-9CE2-8FD50EB848D2}.Release|Any CPU.Build.0 = Release|Any CPU
		{4162C87F-8851-4587-9CE2-8FD50EB848D2}.Release|Mixed Platforms.ActiveCfg = Release|Any CPU
		{4162C87F-8851-4587-9CE2-8FD50EB848D2}.Release|Mixed Platforms.Build.0 = Release|Any CPU
		{4162C87F-8851-4587-9CE2-8FD50EB848D2}.Release|x86.ActiveCfg = Release|Any CPU
		{615C00B3-D368-4BB0-9E85-72441F8108D0}.Debug|Any CPU.ActiveCfg = Debug|Any CPU
		{615C00B3-D368-4BB0-9E85-72441F8108D0}.Debug|Any CPU.Build.0 = Debug|Any CPU
		{615C00B3-D368-4BB0-9E85-72441F8108D0}.Debug|Mixed Platforms.ActiveCfg = Debug|Any CPU
		{615C00B3-D368-4BB0-9E85-72441F8108D0}.Debug|Mixed Platforms.Build.0 = Debug|Any CPU
		{615C00B3-D368-4BB0-9E85-72441F8108D0}.Debug|x86.ActiveCfg = Debug|Any CPU
		{615C00B3-D368-4BB0-9E85-72441F8108D0}.Release|Any CPU.ActiveCfg = Release|Any CPU
		{615C00B3-D368-4BB0-9E85-72441F8108D0}.Release|Any CPU.Build.0 = Release|Any CPU
		{615C00B3-D368-4BB0-9E85-72441F8108D0}.Release|Mixed Platforms.ActiveCfg = Release|Any CPU
		{615C00B3-D368-4BB0-9E85-72441F8108D0}.Release|Mixed Platforms.Build.0 = Release|Any CPU
		{615C00B3-D368-4BB0-9E85-72441F8108D0}.Release|x86.ActiveCfg = Release|Any CPU
		{ECAB0CD5-9020-489B-949B-6072D803A6F4}.Debug|Any CPU.ActiveCfg = Debug|Any CPU
		{ECAB0CD5-9020-489B-949B-6072D803A6F4}.Debug|Any CPU.Build.0 = Debug|Any CPU
		{ECAB0CD5-9020-489B-949B-6072D803A6F4}.Debug|Mixed Platforms.ActiveCfg = Debug|Any CPU
		{ECAB0CD5-9020-489B-949B-6072D803A6F4}.Debug|Mixed Platforms.Build.0 = Debug|Any CPU
		{ECAB0CD5-9020-489B-949B-6072D803A6F4}.Debug|x86.ActiveCfg = Debug|Any CPU
		{ECAB0CD5-9020-489B-949B-6072D803A6F4}.Release|Any CPU.ActiveCfg = Release|Any CPU
		{ECAB0CD5-9020-489B-949B-6072D803A6F4}.Release|Any CPU.Build.0 = Release|Any CPU
		{ECAB0CD5-9020-489B-949B-6072D803A6F4}.Release|Mixed Platforms.ActiveCfg = Release|Any CPU
		{ECAB0CD5-9020-489B-949B-6072D803A6F4}.Release|Mixed Platforms.Build.0 = Release|Any CPU
		{ECAB0CD5-9020-489B-949B-6072D803A6F4}.Release|x86.ActiveCfg = Release|Any CPU
		{C4E7D874-3E44-4AA1-AD49-C6724325FDFE}.Debug|Any CPU.ActiveCfg = Debug|Any CPU
		{C4E7D874-3E44-4AA1-AD49-C6724325FDFE}.Debug|Any CPU.Build.0 = Debug|Any CPU
		{C4E7D874-3E44-4AA1-AD49-C6724325FDFE}.Debug|Mixed Platforms.ActiveCfg = Debug|Any CPU
		{C4E7D874-3E44-4AA1-AD49-C6724325FDFE}.Debug|Mixed Platforms.Build.0 = Debug|Any CPU
		{C4E7D874-3E44-4AA1-AD49-C6724325FDFE}.Debug|x86.ActiveCfg = Debug|Any CPU
		{C4E7D874-3E44-4AA1-AD49-C6724325FDFE}.Release|Any CPU.ActiveCfg = Release|Any CPU
		{C4E7D874-3E44-4AA1-AD49-C6724325FDFE}.Release|Any CPU.Build.0 = Release|Any CPU
		{C4E7D874-3E44-4AA1-AD49-C6724325FDFE}.Release|Mixed Platforms.ActiveCfg = Release|Any CPU
		{C4E7D874-3E44-4AA1-AD49-C6724325FDFE}.Release|Mixed Platforms.Build.0 = Release|Any CPU
		{C4E7D874-3E44-4AA1-AD49-C6724325FDFE}.Release|x86.ActiveCfg = Release|Any CPU
		{F4EB8FAE-E123-4DEC-95C9-8597A7040C99}.Debug|Any CPU.ActiveCfg = Debug|Any CPU
		{F4EB8FAE-E123-4DEC-95C9-8597A7040C99}.Debug|Any CPU.Build.0 = Debug|Any CPU
		{F4EB8FAE-E123-4DEC-95C9-8597A7040C99}.Debug|Mixed Platforms.ActiveCfg = Debug|Any CPU
		{F4EB8FAE-E123-4DEC-95C9-8597A7040C99}.Debug|Mixed Platforms.Build.0 = Debug|Any CPU
		{F4EB8FAE-E123-4DEC-95C9-8597A7040C99}.Debug|x86.ActiveCfg = Debug|Any CPU
		{F4EB8FAE-E123-4DEC-95C9-8597A7040C99}.Release|Any CPU.ActiveCfg = Release|Any CPU
		{F4EB8FAE-E123-4DEC-95C9-8597A7040C99}.Release|Any CPU.Build.0 = Release|Any CPU
		{F4EB8FAE-E123-4DEC-95C9-8597A7040C99}.Release|Mixed Platforms.ActiveCfg = Release|Any CPU
		{F4EB8FAE-E123-4DEC-95C9-8597A7040C99}.Release|Mixed Platforms.Build.0 = Release|Any CPU
		{F4EB8FAE-E123-4DEC-95C9-8597A7040C99}.Release|x86.ActiveCfg = Release|Any CPU
	EndGlobalSection
	GlobalSection(SolutionProperties) = preSolution
		HideSolutionNode = FALSE
	EndGlobalSection
EndGlobal
