
Microsoft Visual Studio Solution File, Format Version 12.00
# Visual Studio 2012
Project("{FAE04EC0-301F-11D3-BF4B-00C04F79EFBC}") = "Task_1", "Task_1\Task_1.csproj", "{C0E30206-0EA1-41E3-8FB7-E6DC0F32A52D}"
EndProject
Global
	GlobalSection(SolutionConfigurationPlatforms) = preSolution
		Debug|Any CPU = Debug|Any CPU
		Release|Any CPU = Release|Any CPU
	EndGlobalSection
	GlobalSection(ProjectConfigurationPlatforms) = postSolution
		{C0E30206-0EA1-41E3-8FB7-E6DC0F32A52D}.Debug|Any CPU.ActiveCfg = Debug|Any CPU
		{C0E30206-0EA1-41E3-8FB7-E6DC0F32A52D}.Debug|Any CPU.Build.0 = Debug|Any CPU
		{C0E30206-0EA1-41E3-8FB7-E6DC0F32A52D}.Release|Any CPU.ActiveCfg = Release|Any CPU
		{C0E30206-0EA1-41E3-8FB7-E6DC0F32A52D}.Release|Any CPU.Build.0 = Release|Any CPU
	EndGlobalSection
	GlobalSection(SolutionProperties) = preSolution
		HideSolutionNode = FALSE
	EndGlobalSection
EndGlobal
