
Microsoft Visual Studio Solution File, Format Version 12.00
# Visual Studio 2012
Project("{FAE04EC0-301F-11D3-BF4B-00C04F79EFBC}") = "Point3D", "Point3D\Point3D.csproj", "{F08F6D40-D758-40E5-A8C9-AA7E303741A8}"
EndProject
Project("{FAE04EC0-301F-11D3-BF4B-00C04F79EFBC}") = "GenericList", "GenericList\GenericList.csproj", "{3B0D00CB-261A-40AA-952F-659E572E3AC3}"
EndProject
Project("{FAE04EC0-301F-11D3-BF4B-00C04F79EFBC}") = "Matrix", "Matrix\Matrix.csproj", "{65724DAE-9C06-4A1A-9FBA-C8981FBA9C80}"
EndProject
Global
	GlobalSection(SolutionConfigurationPlatforms) = preSolution
		Debug|Any CPU = Debug|Any CPU
		Release|Any CPU = Release|Any CPU
	EndGlobalSection
	GlobalSection(ProjectConfigurationPlatforms) = postSolution
		{F08F6D40-D758-40E5-A8C9-AA7E303741A8}.Debug|Any CPU.ActiveCfg = Debug|Any CPU
		{F08F6D40-D758-40E5-A8C9-AA7E303741A8}.Debug|Any CPU.Build.0 = Debug|Any CPU
		{F08F6D40-D758-40E5-A8C9-AA7E303741A8}.Release|Any CPU.ActiveCfg = Release|Any CPU
		{F08F6D40-D758-40E5-A8C9-AA7E303741A8}.Release|Any CPU.Build.0 = Release|Any CPU
		{3B0D00CB-261A-40AA-952F-659E572E3AC3}.Debug|Any CPU.ActiveCfg = Debug|Any CPU
		{3B0D00CB-261A-40AA-952F-659E572E3AC3}.Debug|Any CPU.Build.0 = Debug|Any CPU
		{3B0D00CB-261A-40AA-952F-659E572E3AC3}.Release|Any CPU.ActiveCfg = Release|Any CPU
		{3B0D00CB-261A-40AA-952F-659E572E3AC3}.Release|Any CPU.Build.0 = Release|Any CPU
		{65724DAE-9C06-4A1A-9FBA-C8981FBA9C80}.Debug|Any CPU.ActiveCfg = Debug|Any CPU
		{65724DAE-9C06-4A1A-9FBA-C8981FBA9C80}.Debug|Any CPU.Build.0 = Debug|Any CPU
		{65724DAE-9C06-4A1A-9FBA-C8981FBA9C80}.Release|Any CPU.ActiveCfg = Release|Any CPU
		{65724DAE-9C06-4A1A-9FBA-C8981FBA9C80}.Release|Any CPU.Build.0 = Release|Any CPU
	EndGlobalSection
	GlobalSection(SolutionProperties) = preSolution
		HideSolutionNode = FALSE
	EndGlobalSection
EndGlobal
